Microsoft Visual Studio Solution File, Format Version 12.00
# 17
VisualStudioVersion = 17.11.35222.181
MinimumVisualStudioVersion = 10.0.40219.1
Project("{2150E333-8FDC-42A3-9474-1A3956D46DE8}") = "ChainOfResponsibilityDesignPattern", "ChainOfResponsibilityDesignPattern", "{B7D0523D-62C1-4508-B55C-41BB740A36D3}"
EndProject
Project("{9A19103F-16F7-4668-BE54-9A1E7A4F7556}") = "DesignPattern.ChainOfResponsibility", "ChainOfResponsibilitiyDesignPattern\DesignPattern.ChainOfResponsibility\DesignPattern.ChainOfResponsibility.csproj", "{4A71B133-EC79-4ED5-A5AD-9F36A9431ECF}"
EndProject
Project("{2150E333-8FDC-42A3-9474-1A3956D46DE8}") = "CQRSDesignPattern", "CQRSDesignPattern", "{5CC2E774-9B2F-48CB-99D5-2789DD3C5704}"
EndProject
Project("{FAE04EC0-301F-11D3-BF4B-00C04F79EFBC}") = "DesignPattern.CQRS", "CQRSDesignPattern\DesignPattern.CQRS\DesignPattern.CQRS.csproj", "{E47DC07B-A65C-4C00-B46F-8427A2985818}"
EndProject
Global
	GlobalSection(SolutionConfigurationPlatforms) = preSolution
		Debug|Any CPU = Debug|Any CPU
		Release|Any CPU = Release|Any CPU
	EndGlobalSection
	GlobalSection(ProjectConfigurationPlatforms) = postSolution
		{4A71B133-EC79-4ED5-A5AD-9F36A9431ECF}.Debug|Any CPU.ActiveCfg = Debug|Any CPU
		{4A71B133-EC79-4ED5-A5AD-9F36A9431ECF}.Debug|Any CPU.Build.0 = Debug|Any CPU
		{4A71B133-EC79-4ED5-A5AD-9F36A9431ECF}.Release|Any CPU.ActiveCfg = Release|Any CPU
		{4A71B133-EC79-4ED5-A5AD-9F36A9431ECF}.Release|Any CPU.Build.0 = Release|Any CPU
		{E47DC07B-A65C-4C00-B46F-8427A2985818}.Debug|Any CPU.ActiveCfg = Debug|Any CPU
		{E47DC07B-A65C-4C00-B46F-8427A2985818}.Debug|Any CPU.Build.0 = Debug|Any CPU
		{E47DC07B-A65C-4C00-B46F-8427A2985818}.Release|Any CPU.ActiveCfg = Release|Any CPU
		{E47DC07B-A65C-4C00-B46F-8427A2985818}.Release|Any CPU.Build.0 = Release|Any CPU
	EndGlobalSection
	GlobalSection(SolutionProperties) = preSolution
		HideSolutionNode = FALSE
	EndGlobalSection
	GlobalSection(NestedProjects) = preSolution
		{4A71B133-EC79-4ED5-A5AD-9F36A9431ECF} = {B7D0523D-62C1-4508-B55C-41BB740A36D3}
		{E47DC07B-A65C-4C00-B46F-8427A2985818} = {5CC2E774-9B2F-48CB-99D5-2789DD3C5704}
	EndGlobalSection
	GlobalSection(ExtensibilityGlobals) = postSolution
		SolutionGuid = {2A724D0D-6665-4035-8424-7DA805F8D9F9}
	EndGlobalSection
EndGlobal
