Microsoft Visual Studio Solution File, Format Version 12.00
# 17
VisualStudioVersion = 17.11.35222.181
MinimumVisualStudioVersion = 10.0.40219.1
Project("{2150E333-8FDC-42A3-9474-1A3956D46DE8}") = "ChainOfResponsibilityDesignPattern", "ChainOfResponsibilityDesignPattern", "{B7D0523D-62C1-4508-B55C-41BB740A36D3}"
EndProject
Project("{9A19103F-16F7-4668-BE54-9A1E7A4F7556}") = "DesignPattern.ChainOfResponsibility", "ChainOfResponsibilitiyDesignPattern\DesignPattern.ChainOfResponsibility\DesignPattern.ChainOfResponsibility.csproj", "{4A71B133-EC79-4ED5-A5AD-9F36A9431ECF}"
EndProject
Project("{2150E333-8FDC-42A3-9474-1A3956D46DE8}") = "CQRSDesignPattern", "CQRSDesignPattern", "{5CC2E774-9B2F-48CB-99D5-2789DD3C5704}"
EndProject
Project("{9A19103F-16F7-4668-BE54-9A1E7A4F7556}") = "DesignPattern.CQRS", "CQRSDesignPattern\DesignPattern.CQRS\DesignPattern.CQRS.csproj", "{E47DC07B-A65C-4C00-B46F-8427A2985818}"
EndProject
Project("{2150E333-8FDC-42A3-9474-1A3956D46DE8}") = "TemplateMethodDesignPattern", "TemplateMethodDesignPattern", "{96B1DE17-A6CB-4843-9532-EC07287EFC2E}"
EndProject
Project("{9A19103F-16F7-4668-BE54-9A1E7A4F7556}") = "DesignPattern.TemplateMethod", "TemplateMethodDesignPattern\DesignPattern.TemplateMethod\DesignPattern.TemplateMethod.csproj", "{CA1FE054-50C7-4F6F-8B24-B8D6B3393610}"
EndProject
Project("{2150E333-8FDC-42A3-9474-1A3956D46DE8}") = "ObserverMethodDesignPattern", "ObserverMethodDesignPattern", "{5E132AD4-8529-4972-92C8-406399B9FDAC}"
EndProject
Project("{9A19103F-16F7-4668-BE54-9A1E7A4F7556}") = "DesignPattern.ObserverMethod", "ObserverMethodDesignPattern\DesignPattern.ObserverMethod\DesignPattern.ObserverMethod.csproj", "{2F502431-6CD1-4FBD-99A5-9EBABC22469D}"
EndProject
Project("{2150E333-8FDC-42A3-9474-1A3956D46DE8}") = "UnitOfWorkDesignPattern", "UnitOfWorkDesignPattern", "{F80608E6-654E-4443-A53B-FAFE43EFBEED}"
EndProject
Project("{9A19103F-16F7-4668-BE54-9A1E7A4F7556}") = "DesignPattern.UnitOfWork", "UnitOfWorkDesignPattern\DesignPattern.UnitOfWork\DesignPattern.UnitOfWork.csproj", "{6467A6B3-74CD-45DD-A80A-CD9DBD2285CC}"
EndProject
Project("{9A19103F-16F7-4668-BE54-9A1E7A4F7556}") = "DesignPattern.EntityLayer", "UnitOfWorkDesignPattern\DesignPattern.EntityLayer\DesignPattern.EntityLayer.csproj", "{53E6CC79-A3C8-4F63-BCF7-13CD5F8FA33C}"
EndProject
Project("{9A19103F-16F7-4668-BE54-9A1E7A4F7556}") = "DesignPattern.DataAccessLayer", "UnitOfWorkDesignPattern\DesignPattern.DataAccessLayer\DesignPattern.DataAccessLayer.csproj", "{54D57A98-A7E7-4E9F-AF5A-3C51BBDB5BEB}"
EndProject
Project("{9A19103F-16F7-4668-BE54-9A1E7A4F7556}") = "DesignPattern.BusinessLayer", "UnitOfWorkDesignPattern\DesignPattern.BusinessLayer\DesignPattern.BusinessLayer.csproj", "{27F8E793-6B0C-4A44-B109-D1144219A360}"
EndProject
Project("{2150E333-8FDC-42A3-9474-1A3956D46DE8}") = "RepositoryDesignPattern", "RepositoryDesignPattern", "{CC70FA3E-C586-446D-A36C-322C67254372}"
EndProject
Project("{9A19103F-16F7-4668-BE54-9A1E7A4F7556}") = "RepositoryDesignPattern.EntityLayer", "RepositoryDesignPattern\RepositoryDesignPattern.EntityLayer\RepositoryDesignPattern.EntityLayer.csproj", "{F543BDDE-01C9-48F1-97FB-D67F1B780A6C}"
EndProject
Project("{9A19103F-16F7-4668-BE54-9A1E7A4F7556}") = "RepositoryDesignPattern.DataAccessLayer", "RepositoryDesignPattern\RepositoryDesignPattern.DataAccessLayer\RepositoryDesignPattern.DataAccessLayer.csproj", "{AD4A601F-2515-41CE-8209-1B10034EA4E1}"
EndProject
Project("{9A19103F-16F7-4668-BE54-9A1E7A4F7556}") = "RepositoryDesignPattern.BusinessLayer", "RepositoryDesignPattern\RepositoryDesignPattern.BusinessLayer\RepositoryDesignPattern.BusinessLayer.csproj", "{629BA911-93ED-4700-AE56-4AE08FF53593}"
EndProject
Project("{9A19103F-16F7-4668-BE54-9A1E7A4F7556}") = "RepositoryDesignPattern.PresentationLayer", "RepositoryDesignPattern\RepositoryDesignPattern.PresentationLayer\RepositoryDesignPattern.PresentationLayer.csproj", "{C0A3C62B-31C9-4297-A13B-1B669AF8A9C1}"
EndProject
Project("{2150E333-8FDC-42A3-9474-1A3956D46DE8}") = "ComositeDesignPattern", "ComositeDesignPattern", "{72D4410D-2A87-4F10-8BE4-C79388C1D7EA}"
EndProject
Project("{9A19103F-16F7-4668-BE54-9A1E7A4F7556}") = "DesignPattern.Comosite", "ComositeDesignPattern\DesignPattern.Comosite\DesignPattern.Comosite.csproj", "{3B3F2408-6479-4DDA-971A-A5B038B67E92}"
EndProject
Project("{2150E333-8FDC-42A3-9474-1A3956D46DE8}") = "MediatorDesignPattern", "MediatorDesignPattern", "{153D271A-7ED0-43DE-B4A5-EDB5A910BBA1}"
EndProject
Project("{9A19103F-16F7-4668-BE54-9A1E7A4F7556}") = "DesignPattern.Mediator", "MediatorDesignPattern\DesignPattern.Mediator\DesignPattern.Mediator.csproj", "{8A9EDEA0-F4D3-4105-9DE8-D2668F7A4FCE}"
EndProject
Project("{2150E333-8FDC-42A3-9474-1A3956D46DE8}") = "IteratorDesignPattern", "IteratorDesignPattern", "{79B7646C-F7BD-4DB2-BC96-2D2A14D8AAF4}"
EndProject
Project("{FAE04EC0-301F-11D3-BF4B-00C04F79EFBC}") = "DesignPattern.Iterator", "IteratorDesignPattern\DesignPattern.Iterator\DesignPattern.Iterator.csproj", "{F42E341C-259F-4EC3-BD6E-E581A57E8C7E}"
EndProject
Global
	GlobalSection(SolutionConfigurationPlatforms) = preSolution
		Debug|Any CPU = Debug|Any CPU
		Release|Any CPU = Release|Any CPU
	EndGlobalSection
	GlobalSection(ProjectConfigurationPlatforms) = postSolution
		{4A71B133-EC79-4ED5-A5AD-9F36A9431ECF}.Debug|Any CPU.ActiveCfg = Debug|Any CPU
		{4A71B133-EC79-4ED5-A5AD-9F36A9431ECF}.Debug|Any CPU.Build.0 = Debug|Any CPU
		{4A71B133-EC79-4ED5-A5AD-9F36A9431ECF}.Release|Any CPU.ActiveCfg = Release|Any CPU
		{4A71B133-EC79-4ED5-A5AD-9F36A9431ECF}.Release|Any CPU.Build.0 = Release|Any CPU
		{E47DC07B-A65C-4C00-B46F-8427A2985818}.Debug|Any CPU.ActiveCfg = Debug|Any CPU
		{E47DC07B-A65C-4C00-B46F-8427A2985818}.Debug|Any CPU.Build.0 = Debug|Any CPU
		{E47DC07B-A65C-4C00-B46F-8427A2985818}.Release|Any CPU.ActiveCfg = Release|Any CPU
		{E47DC07B-A65C-4C00-B46F-8427A2985818}.Release|Any CPU.Build.0 = Release|Any CPU
		{CA1FE054-50C7-4F6F-8B24-B8D6B3393610}.Debug|Any CPU.ActiveCfg = Debug|Any CPU
		{CA1FE054-50C7-4F6F-8B24-B8D6B3393610}.Debug|Any CPU.Build.0 = Debug|Any CPU
		{CA1FE054-50C7-4F6F-8B24-B8D6B3393610}.Release|Any CPU.ActiveCfg = Release|Any CPU
		{CA1FE054-50C7-4F6F-8B24-B8D6B3393610}.Release|Any CPU.Build.0 = Release|Any CPU
		{2F502431-6CD1-4FBD-99A5-9EBABC22469D}.Debug|Any CPU.ActiveCfg = Debug|Any CPU
		{2F502431-6CD1-4FBD-99A5-9EBABC22469D}.Debug|Any CPU.Build.0 = Debug|Any CPU
		{2F502431-6CD1-4FBD-99A5-9EBABC22469D}.Release|Any CPU.ActiveCfg = Release|Any CPU
		{2F502431-6CD1-4FBD-99A5-9EBABC22469D}.Release|Any CPU.Build.0 = Release|Any CPU
		{6467A6B3-74CD-45DD-A80A-CD9DBD2285CC}.Debug|Any CPU.ActiveCfg = Debug|Any CPU
		{6467A6B3-74CD-45DD-A80A-CD9DBD2285CC}.Debug|Any CPU.Build.0 = Debug|Any CPU
		{6467A6B3-74CD-45DD-A80A-CD9DBD2285CC}.Release|Any CPU.ActiveCfg = Release|Any CPU
		{6467A6B3-74CD-45DD-A80A-CD9DBD2285CC}.Release|Any CPU.Build.0 = Release|Any CPU
		{53E6CC79-A3C8-4F63-BCF7-13CD5F8FA33C}.Debug|Any CPU.ActiveCfg = Debug|Any CPU
		{53E6CC79-A3C8-4F63-BCF7-13CD5F8FA33C}.Debug|Any CPU.Build.0 = Debug|Any CPU
		{53E6CC79-A3C8-4F63-BCF7-13CD5F8FA33C}.Release|Any CPU.ActiveCfg = Release|Any CPU
		{53E6CC79-A3C8-4F63-BCF7-13CD5F8FA33C}.Release|Any CPU.Build.0 = Release|Any CPU
		{54D57A98-A7E7-4E9F-AF5A-3C51BBDB5BEB}.Debug|Any CPU.ActiveCfg = Debug|Any CPU
		{54D57A98-A7E7-4E9F-AF5A-3C51BBDB5BEB}.Debug|Any CPU.Build.0 = Debug|Any CPU
		{54D57A98-A7E7-4E9F-AF5A-3C51BBDB5BEB}.Release|Any CPU.ActiveCfg = Release|Any CPU
		{54D57A98-A7E7-4E9F-AF5A-3C51BBDB5BEB}.Release|Any CPU.Build.0 = Release|Any CPU
		{27F8E793-6B0C-4A44-B109-D1144219A360}.Debug|Any CPU.ActiveCfg = Debug|Any CPU
		{27F8E793-6B0C-4A44-B109-D1144219A360}.Debug|Any CPU.Build.0 = Debug|Any CPU
		{27F8E793-6B0C-4A44-B109-D1144219A360}.Release|Any CPU.ActiveCfg = Release|Any CPU
		{27F8E793-6B0C-4A44-B109-D1144219A360}.Release|Any CPU.Build.0 = Release|Any CPU
		{F543BDDE-01C9-48F1-97FB-D67F1B780A6C}.Debug|Any CPU.ActiveCfg = Debug|Any CPU
		{F543BDDE-01C9-48F1-97FB-D67F1B780A6C}.Debug|Any CPU.Build.0 = Debug|Any CPU
		{F543BDDE-01C9-48F1-97FB-D67F1B780A6C}.Release|Any CPU.ActiveCfg = Release|Any CPU
		{F543BDDE-01C9-48F1-97FB-D67F1B780A6C}.Release|Any CPU.Build.0 = Release|Any CPU
		{AD4A601F-2515-41CE-8209-1B10034EA4E1}.Debug|Any CPU.ActiveCfg = Debug|Any CPU
		{AD4A601F-2515-41CE-8209-1B10034EA4E1}.Debug|Any CPU.Build.0 = Debug|Any CPU
		{AD4A601F-2515-41CE-8209-1B10034EA4E1}.Release|Any CPU.ActiveCfg = Release|Any CPU
		{AD4A601F-2515-41CE-8209-1B10034EA4E1}.Release|Any CPU.Build.0 = Release|Any CPU
		{629BA911-93ED-4700-AE56-4AE08FF53593}.Debug|Any CPU.ActiveCfg = Debug|Any CPU
		{629BA911-93ED-4700-AE56-4AE08FF53593}.Debug|Any CPU.Build.0 = Debug|Any CPU
		{629BA911-93ED-4700-AE56-4AE08FF53593}.Release|Any CPU.ActiveCfg = Release|Any CPU
		{629BA911-93ED-4700-AE56-4AE08FF53593}.Release|Any CPU.Build.0 = Release|Any CPU
		{C0A3C62B-31C9-4297-A13B-1B669AF8A9C1}.Debug|Any CPU.ActiveCfg = Debug|Any CPU
		{C0A3C62B-31C9-4297-A13B-1B669AF8A9C1}.Debug|Any CPU.Build.0 = Debug|Any CPU
		{C0A3C62B-31C9-4297-A13B-1B669AF8A9C1}.Release|Any CPU.ActiveCfg = Release|Any CPU
		{C0A3C62B-31C9-4297-A13B-1B669AF8A9C1}.Release|Any CPU.Build.0 = Release|Any CPU
		{3B3F2408-6479-4DDA-971A-A5B038B67E92}.Debug|Any CPU.ActiveCfg = Debug|Any CPU
		{3B3F2408-6479-4DDA-971A-A5B038B67E92}.Debug|Any CPU.Build.0 = Debug|Any CPU
		{3B3F2408-6479-4DDA-971A-A5B038B67E92}.Release|Any CPU.ActiveCfg = Release|Any CPU
		{3B3F2408-6479-4DDA-971A-A5B038B67E92}.Release|Any CPU.Build.0 = Release|Any CPU
		{8A9EDEA0-F4D3-4105-9DE8-D2668F7A4FCE}.Debug|Any CPU.ActiveCfg = Debug|Any CPU
		{8A9EDEA0-F4D3-4105-9DE8-D2668F7A4FCE}.Debug|Any CPU.Build.0 = Debug|Any CPU
		{8A9EDEA0-F4D3-4105-9DE8-D2668F7A4FCE}.Release|Any CPU.ActiveCfg = Release|Any CPU
		{8A9EDEA0-F4D3-4105-9DE8-D2668F7A4FCE}.Release|Any CPU.Build.0 = Release|Any CPU
		{F42E341C-259F-4EC3-BD6E-E581A57E8C7E}.Debug|Any CPU.ActiveCfg = Debug|Any CPU
		{F42E341C-259F-4EC3-BD6E-E581A57E8C7E}.Debug|Any CPU.Build.0 = Debug|Any CPU
		{F42E341C-259F-4EC3-BD6E-E581A57E8C7E}.Release|Any CPU.ActiveCfg = Release|Any CPU
		{F42E341C-259F-4EC3-BD6E-E581A57E8C7E}.Release|Any CPU.Build.0 = Release|Any CPU
	EndGlobalSection
	GlobalSection(SolutionProperties) = preSolution
		HideSolutionNode = FALSE
	EndGlobalSection
	GlobalSection(NestedProjects) = preSolution
		{4A71B133-EC79-4ED5-A5AD-9F36A9431ECF} = {B7D0523D-62C1-4508-B55C-41BB740A36D3}
		{E47DC07B-A65C-4C00-B46F-8427A2985818} = {5CC2E774-9B2F-48CB-99D5-2789DD3C5704}
		{CA1FE054-50C7-4F6F-8B24-B8D6B3393610} = {96B1DE17-A6CB-4843-9532-EC07287EFC2E}
		{2F502431-6CD1-4FBD-99A5-9EBABC22469D} = {5E132AD4-8529-4972-92C8-406399B9FDAC}
		{6467A6B3-74CD-45DD-A80A-CD9DBD2285CC} = {F80608E6-654E-4443-A53B-FAFE43EFBEED}
		{53E6CC79-A3C8-4F63-BCF7-13CD5F8FA33C} = {F80608E6-654E-4443-A53B-FAFE43EFBEED}
		{54D57A98-A7E7-4E9F-AF5A-3C51BBDB5BEB} = {F80608E6-654E-4443-A53B-FAFE43EFBEED}
		{27F8E793-6B0C-4A44-B109-D1144219A360} = {F80608E6-654E-4443-A53B-FAFE43EFBEED}
		{F543BDDE-01C9-48F1-97FB-D67F1B780A6C} = {CC70FA3E-C586-446D-A36C-322C67254372}
		{AD4A601F-2515-41CE-8209-1B10034EA4E1} = {CC70FA3E-C586-446D-A36C-322C67254372}
		{629BA911-93ED-4700-AE56-4AE08FF53593} = {CC70FA3E-C586-446D-A36C-322C67254372}
		{C0A3C62B-31C9-4297-A13B-1B669AF8A9C1} = {CC70FA3E-C586-446D-A36C-322C67254372}
		{3B3F2408-6479-4DDA-971A-A5B038B67E92} = {72D4410D-2A87-4F10-8BE4-C79388C1D7EA}
		{8A9EDEA0-F4D3-4105-9DE8-D2668F7A4FCE} = {153D271A-7ED0-43DE-B4A5-EDB5A910BBA1}
		{F42E341C-259F-4EC3-BD6E-E581A57E8C7E} = {79B7646C-F7BD-4DB2-BC96-2D2A14D8AAF4}
	EndGlobalSection
	GlobalSection(ExtensibilityGlobals) = postSolution
		SolutionGuid = {2A724D0D-6665-4035-8424-7DA805F8D9F9}
	EndGlobalSection
EndGlobal
